# NOTICE: This lockfile contains some overrides from shard.override.yml
version: 2.0
shards:
  compiled_license:
    git: https://github.com/elorest/compiled_license.git
    version: 1.0.0

  fzy:
    git: https://github.com/hugopl/fzy.git
    version: 0.5.2

  gi-crystal:
    git: https://github.com/hugopl/gi-crystal.git
    version: 0.1.0+git.commit.67fecbbb9ac8fd961751b9f7e1659ab0c893aea7

  gtk4: # Overridden
    path: /home/hugo/src/gtk4
    version: 0.1.0+git.commit.3d91d0703c092423e30e253ab7978cbd3a63c8ac

  toml:
    git: https://github.com/crystal-community/toml.cr.git
    version: 0.7.0+git.commit.98512f65a24f7846e6279cf48bbc0e72cd69c5f8

  version_from_shard:
    git: https://github.com/hugopl/version_from_shard.git
    version: 1.2.4

